{
  "name": "pg.io",
  "version": "1.0.8",
  "lockfileVersion": 1,
  "requires": true,
  "dependencies": {
    "events.io": {
      "version": "2.0.3",
      "resolved": "https://registry.npmjs.org/events.io/-/events.io-2.0.3.tgz",
      "integrity": "sha512-85ENItIwcGc5cxObi1vNrfLBevmkeZyEr3yiA3dHsRP7/IdFP9k9eo92j2n2EDRo8tbPab99M/WzGqEH8xaxDg=="
    },
    "queue.o": {
      "version": "1.0.8",
      "resolved": "https://registry.npmjs.org/queue.o/-/queue.o-1.0.8.tgz",
      "integrity": "sha512-5e1lf59h4F2eD9Tbtcz04YDSI6rmgsmNj3+dByRbon1AP5riyE6lzg1dJ+EeGkDxjCgLTyZQ4qa5RGbqMwv2pg=="
    }
  }
}
