{
  "name": "pg.io",
  "version": "1.0.11",
  "lockfileVersion": 1,
  "requires": true,
  "dependencies": {
    "events.io": {
      "version": "2.0.3",
      "resolved": "https://registry.npmjs.org/events.io/-/events.io-2.0.3.tgz",
      "integrity": "sha512-85ENItIwcGc5cxObi1vNrfLBevmkeZyEr3yiA3dHsRP7/IdFP9k9eo92j2n2EDRo8tbPab99M/WzGqEH8xaxDg=="
    },
    "queue.o": {
      "version": "1.0.10",
      "resolved": "https://registry.npmjs.org/queue.o/-/queue.o-1.0.10.tgz",
      "integrity": "sha512-yOC0BhNRJxnt20TnkbtDfzWDMfYuI7nkdwNakgH0TQX4rUfR+3PMWVfeUNAS5H9s+zl/U+fRx/UmqQaOU3z2QA=="
    }
  }
}
