{
  "name": "pg.io",
  "version": "1.0.0",
  "lockfileVersion": 1,
  "requires": true,
  "dependencies": {
    "events.io": {
      "version": "2.0.3",
      "resolved": "https://registry.npmjs.org/events.io/-/events.io-2.0.3.tgz",
      "integrity": "sha512-85ENItIwcGc5cxObi1vNrfLBevmkeZyEr3yiA3dHsRP7/IdFP9k9eo92j2n2EDRo8tbPab99M/WzGqEH8xaxDg=="
    },
    "queue.o": {
      "version": "1.0.7",
      "resolved": "https://registry.npmjs.org/queue.o/-/queue.o-1.0.7.tgz",
      "integrity": "sha512-6jU5yii+tctI5eogjZfi4LvQQ+PGCKUyZk3qebLyTm0KO/VQjSqIh+eFKcDTIUiQTyVakO8utC03FGDhw40opw=="
    }
  }
}
